<?xml version="1.0" encoding="utf-8"?>
<Project ToolsVersion="4.0" xmlns="http://schemas.microsoft.com/developer/msbuild/2003">
  <ItemGroup>
    <Filter Include="Resource Files">
      <UniqueIdentifier>{67DA6AB6-F800-4c08-8B7A-83BB121AAD01}</UniqueIdentifier>
      <Extensions>rc;ico;cur;bmp;dlg;rc2;rct;bin;rgs;gif;jpg;jpeg;jpe;resx;tiff;tif;png;wav;mfcribbon-ms</Extensions>
    </Filter>
    <Filter Include="unit">
      <UniqueIdentifier>{a3aed0ca-ee5c-4ec9-84c4-f24f4d354e42}</UniqueIdentifier>
    </Filter>
    <Filter Include="mem">
      <UniqueIdentifier>{c3a89423-8392-4095-ae2e-dd144f512332}</UniqueIdentifier>
    </Filter>
    <Filter Include="os">
      <UniqueIdentifier>{50962df1-cc76-44e7-9415-099528f12d5f}</UniqueIdentifier>
    </Filter>
    <Filter Include="thr">
      <UniqueIdentifier>{cd21fd8d-385e-41b6-a283-2e48ae158b0d}</UniqueIdentifier>
    </Filter>
    <Filter Include="sync">
      <UniqueIdentifier>{1d9d6728-4978-4f9b-aa81-e9cacc76687d}</UniqueIdentifier>
    </Filter>
    <Filter Include="log">
      <UniqueIdentifier>{7ed52690-a70f-4b96-b708-5a917959cf2a}</UniqueIdentifier>
    </Filter>
    <Filter Include="mach">
      <UniqueIdentifier>{e3ac6cd4-552e-4e12-87cc-f9db5871e73a}</UniqueIdentifier>
    </Filter>
  </ItemGroup>
  <ItemGroup>
    <None Include="univ.h">
      <Filter>Resource Files</Filter>
    </None>
    <None Include="log0log.inl">
      <Filter>log</Filter>
    </None>
  </ItemGroup>
  <ItemGroup>
    <ClInclude Include="ut0byte.h">
      <Filter>unit</Filter>
    </ClInclude>
    <ClInclude Include="ut0ut.h">
      <Filter>unit</Filter>
    </ClInclude>
    <ClInclude Include="db0err.h">
      <Filter>unit</Filter>
    </ClInclude>
    <ClInclude Include="ut0rnd.h">
      <Filter>unit</Filter>
    </ClInclude>
    <ClInclude Include="ut0list.h">
      <Filter>unit</Filter>
    </ClInclude>
    <ClInclude Include="ut0lst.h">
      <Filter>unit</Filter>
    </ClInclude>
    <ClInclude Include="ut0vec.h">
      <Filter>unit</Filter>
    </ClInclude>
    <ClInclude Include="ul0crc32.h">
      <Filter>unit</Filter>
    </ClInclude>
    <ClInclude Include="ut0wqueque.h">
      <Filter>unit</Filter>
    </ClInclude>
    <ClInclude Include="ut0bh.h">
      <Filter>unit</Filter>
    </ClInclude>
    <ClInclude Include="ut0dbg.h">
      <Filter>unit</Filter>
    </ClInclude>
    <ClInclude Include="ut0rbt.h">
      <Filter>unit</Filter>
    </ClInclude>
    <ClInclude Include="hash0hash.h">
      <Filter>unit</Filter>
    </ClInclude>
    <ClInclude Include="ha0ha.h">
      <Filter>unit</Filter>
    </ClInclude>
    <ClInclude Include="ha0storage.h">
      <Filter>unit</Filter>
    </ClInclude>
    <ClInclude Include="mem0pool.h">
      <Filter>mem</Filter>
    </ClInclude>
    <ClInclude Include="ut0mem.h">
      <Filter>unit</Filter>
    </ClInclude>
    <ClInclude Include="rem0types.h">
      <Filter>unit</Filter>
    </ClInclude>
    <ClInclude Include="mem0dbg.h">
      <Filter>mem</Filter>
    </ClInclude>
    <ClInclude Include="mem0mem.h">
      <Filter>mem</Filter>
    </ClInclude>
    <ClInclude Include="os0sync.h">
      <Filter>os</Filter>
    </ClInclude>
    <ClInclude Include="os0thread.h">
      <Filter>os</Filter>
    </ClInclude>
    <ClInclude Include="thr0loc.h">
      <Filter>thr</Filter>
    </ClInclude>
    <ClInclude Include="sync0types.h">
      <Filter>sync</Filter>
    </ClInclude>
    <ClInclude Include="sync0sync.h">
      <Filter>sync</Filter>
    </ClInclude>
    <ClInclude Include="sync0arr.h">
      <Filter>sync</Filter>
    </ClInclude>
    <ClInclude Include="sync0rw.h">
      <Filter>sync</Filter>
    </ClInclude>
    <ClInclude Include="os0file.h">
      <Filter>os</Filter>
    </ClInclude>
    <ClInclude Include="log0log.h">
      <Filter>log</Filter>
    </ClInclude>
    <ClInclude Include="mach0data.h">
      <Filter>mach</Filter>
    </ClInclude>
  </ItemGroup>
  <ItemGroup>
    <ClCompile Include="ut0byte.cc">
      <Filter>unit</Filter>
    </ClCompile>
    <ClCompile Include="ut0ut.cc">
      <Filter>unit</Filter>
    </ClCompile>
    <ClCompile Include="ut0rnd.cc">
      <Filter>unit</Filter>
    </ClCompile>
    <ClCompile Include="ut0list.cc">
      <Filter>unit</Filter>
    </ClCompile>
    <ClCompile Include="ut0vec.cc">
      <Filter>unit</Filter>
    </ClCompile>
    <ClCompile Include="ul0crc32.cc">
      <Filter>unit</Filter>
    </ClCompile>
    <ClCompile Include="ut0wqueue.cc">
      <Filter>unit</Filter>
    </ClCompile>
    <ClCompile Include="ut0bh.cc">
      <Filter>unit</Filter>
    </ClCompile>
    <ClCompile Include="ut0dbg.cc">
      <Filter>unit</Filter>
    </ClCompile>
    <ClCompile Include="ut0rbt.cc">
      <Filter>unit</Filter>
    </ClCompile>
    <ClCompile Include="hash0hash.cc">
      <Filter>unit</Filter>
    </ClCompile>
    <ClCompile Include="ha0ha.cc">
      <Filter>unit</Filter>
    </ClCompile>
    <ClCompile Include="ha0storage.cc">
      <Filter>unit</Filter>
    </ClCompile>
    <ClCompile Include="mem0pool.cc">
      <Filter>mem</Filter>
    </ClCompile>
    <ClCompile Include="ut0mem.cc">
      <Filter>unit</Filter>
    </ClCompile>
    <ClCompile Include="mem0dbg.cc">
      <Filter>mem</Filter>
    </ClCompile>
    <ClCompile Include="mem0mem.cc">
      <Filter>mem</Filter>
    </ClCompile>
    <ClCompile Include="os0thread.cc">
      <Filter>os</Filter>
    </ClCompile>
    <ClCompile Include="thr0loc.cc">
      <Filter>thr</Filter>
    </ClCompile>
    <ClCompile Include="sync0sync.cc">
      <Filter>sync</Filter>
    </ClCompile>
    <ClCompile Include="os0sync.cc">
      <Filter>os</Filter>
    </ClCompile>
    <ClCompile Include="sync0arr.cc">
      <Filter>sync</Filter>
    </ClCompile>
    <ClCompile Include="sync0rw.cc">
      <Filter>sync</Filter>
    </ClCompile>
    <ClCompile Include="os0file.cc">
      <Filter>os</Filter>
    </ClCompile>
    <ClCompile Include="mach0data.cc">
      <Filter>mach</Filter>
    </ClCompile>
  </ItemGroup>
</Project>