<?xml version="1.0" encoding="utf-8"?>
<Project ToolsVersion="4.0" xmlns="http://schemas.microsoft.com/developer/msbuild/2003">
  <ItemGroup>
    <Filter Include="Resource Files">
      <UniqueIdentifier>{67DA6AB6-F800-4c08-8B7A-83BB121AAD01}</UniqueIdentifier>
      <Extensions>rc;ico;cur;bmp;dlg;rc2;rct;bin;rgs;gif;jpg;jpeg;jpe;resx;tiff;tif;png;wav;mfcribbon-ms</Extensions>
    </Filter>
    <Filter Include="unit">
      <UniqueIdentifier>{a3aed0ca-ee5c-4ec9-84c4-f24f4d354e42}</UniqueIdentifier>
    </Filter>
    <Filter Include="mem">
      <UniqueIdentifier>{c3a89423-8392-4095-ae2e-dd144f512332}</UniqueIdentifier>
    </Filter>
    <Filter Include="os">
      <UniqueIdentifier>{50962df1-cc76-44e7-9415-099528f12d5f}</UniqueIdentifier>
    </Filter>
    <Filter Include="thr">
      <UniqueIdentifier>{cd21fd8d-385e-41b6-a283-2e48ae158b0d}</UniqueIdentifier>
    </Filter>
    <Filter Include="sync">
      <UniqueIdentifier>{1d9d6728-4978-4f9b-aa81-e9cacc76687d}</UniqueIdentifier>
    </Filter>
    <Filter Include="log">
      <UniqueIdentifier>{7ed52690-a70f-4b96-b708-5a917959cf2a}</UniqueIdentifier>
    </Filter>
    <Filter Include="mach">
      <UniqueIdentifier>{e3ac6cd4-552e-4e12-87cc-f9db5871e73a}</UniqueIdentifier>
    </Filter>
    <Filter Include="fil">
      <UniqueIdentifier>{d9c0880d-f5a7-4ded-9841-3a35bba219bd}</UniqueIdentifier>
    </Filter>
    <Filter Include="mtr">
      <UniqueIdentifier>{c5cbc422-a94f-46fd-be1a-b86ecf3ff902}</UniqueIdentifier>
    </Filter>
    <Filter Include="include">
      <UniqueIdentifier>{95eba891-ce05-43bb-8f27-df811b2b8fbd}</UniqueIdentifier>
    </Filter>
    <Filter Include="fsp">
      <UniqueIdentifier>{38fdeae7-0a5a-4233-b1e0-791ce960d5b2}</UniqueIdentifier>
    </Filter>
    <Filter Include="fut">
      <UniqueIdentifier>{09c430de-06d1-4900-bc9c-cbd3c6ef937c}</UniqueIdentifier>
    </Filter>
    <Filter Include="page">
      <UniqueIdentifier>{dc3d52f1-285d-47e8-b709-a22a90e66b3a}</UniqueIdentifier>
    </Filter>
    <Filter Include="rem">
      <UniqueIdentifier>{9bd398b4-7fda-4c23-9b0e-1b6d9d8a6000}</UniqueIdentifier>
    </Filter>
    <Filter Include="data">
      <UniqueIdentifier>{de1754a2-e365-46fb-ab9e-da68ed42163b}</UniqueIdentifier>
    </Filter>
    <Filter Include="lock">
      <UniqueIdentifier>{06708565-7763-4d43-ae44-b999a1bb0ba4}</UniqueIdentifier>
    </Filter>
    <Filter Include="dict">
      <UniqueIdentifier>{f3a2af99-136f-4537-b0df-fb2a94578552}</UniqueIdentifier>
    </Filter>
    <Filter Include="btree">
      <UniqueIdentifier>{456b1edd-9baf-41fa-8450-e2a6ad861c7c}</UniqueIdentifier>
    </Filter>
    <Filter Include="ibuf">
      <UniqueIdentifier>{8d5bf571-dc20-45bb-83ab-44714c020c34}</UniqueIdentifier>
    </Filter>
    <Filter Include="buf">
      <UniqueIdentifier>{4c5adcfd-5606-4407-bc57-a7c53fe4f6cf}</UniqueIdentifier>
    </Filter>
    <Filter Include="trx">
      <UniqueIdentifier>{793bf725-0cff-4277-beb6-3ad9530c8a4e}</UniqueIdentifier>
    </Filter>
    <Filter Include="que">
      <UniqueIdentifier>{67c38e17-fb0d-4564-a863-bfb54d11d641}</UniqueIdentifier>
    </Filter>
    <Filter Include="read">
      <UniqueIdentifier>{22679d4f-b740-418e-8414-0e7d614993c0}</UniqueIdentifier>
    </Filter>
    <Filter Include="srv">
      <UniqueIdentifier>{f480f1d4-d245-4ca9-aa44-7b6ac3d196d1}</UniqueIdentifier>
    </Filter>
  </ItemGroup>
  <ItemGroup>
    <None Include="univ.h">
      <Filter>Resource Files</Filter>
    </None>
    <None Include="log0log.inl">
      <Filter>log</Filter>
    </None>
    <None Include="log0recv.inl">
      <Filter>log</Filter>
    </None>
    <None Include="mtr0log.inl">
      <Filter>mtr</Filter>
    </None>
    <None Include="dyn0dyn.inl">
      <Filter>include</Filter>
    </None>
    <None Include="mtr0mtr.inl">
      <Filter>mtr</Filter>
    </None>
    <None Include="fsp0fsp.inl">
      <Filter>fsp</Filter>
    </None>
    <None Include="fut0fut.inl">
      <Filter>fut</Filter>
    </None>
    <None Include="fut0lst.inl">
      <Filter>fut</Filter>
    </None>
    <None Include="page0page.inl">
      <Filter>page</Filter>
    </None>
    <None Include="page0cur.inl">
      <Filter>page</Filter>
    </None>
    <None Include="data0type.inl">
      <Filter>data</Filter>
    </None>
    <None Include="data0data.inl">
      <Filter>data</Filter>
    </None>
    <None Include="rem0rec.inl">
      <Filter>rem</Filter>
    </None>
    <None Include="rem0cmp.inl">
      <Filter>rem</Filter>
    </None>
    <None Include="lock0lock.inl">
      <Filter>lock</Filter>
    </None>
    <None Include="btr0btr.inl">
      <Filter>btree</Filter>
    </None>
    <None Include="btr0cur.inl">
      <Filter>btree</Filter>
    </None>
    <None Include="btr0pcur.inl">
      <Filter>btree</Filter>
    </None>
    <None Include="btr0sea.inl">
      <Filter>btree</Filter>
    </None>
    <None Include="ibuf0ibuf.inl">
      <Filter>ibuf</Filter>
    </None>
    <None Include="buf0buf.inl">
      <Filter>buf</Filter>
    </None>
    <None Include="buf0lru.inl">
      <Filter>buf</Filter>
    </None>
    <None Include="buf0flu.inl">
      <Filter>buf</Filter>
    </None>
    <None Include="trx0trx.inl">
      <Filter>trx</Filter>
    </None>
    <None Include="trx0rseg.inl">
      <Filter>trx</Filter>
    </None>
    <None Include="trx0sys.inl">
      <Filter>trx</Filter>
    </None>
    <None Include="trx0purge.inl">
      <Filter>trx</Filter>
    </None>
    <None Include="trx0rec.inl">
      <Filter>trx</Filter>
    </None>
    <None Include="trx0undo.inl">
      <Filter>trx</Filter>
    </None>
    <None Include="read0read.inl">
      <Filter>read</Filter>
    </None>
    <None Include="que0que.inl">
      <Filter>que</Filter>
    </None>
  </ItemGroup>
  <ItemGroup>
    <ClInclude Include="ut0byte.h">
      <Filter>unit</Filter>
    </ClInclude>
    <ClInclude Include="ut0ut.h">
      <Filter>unit</Filter>
    </ClInclude>
    <ClInclude Include="db0err.h">
      <Filter>unit</Filter>
    </ClInclude>
    <ClInclude Include="ut0rnd.h">
      <Filter>unit</Filter>
    </ClInclude>
    <ClInclude Include="ut0list.h">
      <Filter>unit</Filter>
    </ClInclude>
    <ClInclude Include="ut0lst.h">
      <Filter>unit</Filter>
    </ClInclude>
    <ClInclude Include="ut0vec.h">
      <Filter>unit</Filter>
    </ClInclude>
    <ClInclude Include="ul0crc32.h">
      <Filter>unit</Filter>
    </ClInclude>
    <ClInclude Include="ut0wqueque.h">
      <Filter>unit</Filter>
    </ClInclude>
    <ClInclude Include="ut0bh.h">
      <Filter>unit</Filter>
    </ClInclude>
    <ClInclude Include="ut0dbg.h">
      <Filter>unit</Filter>
    </ClInclude>
    <ClInclude Include="ut0rbt.h">
      <Filter>unit</Filter>
    </ClInclude>
    <ClInclude Include="hash0hash.h">
      <Filter>unit</Filter>
    </ClInclude>
    <ClInclude Include="ha0ha.h">
      <Filter>unit</Filter>
    </ClInclude>
    <ClInclude Include="ha0storage.h">
      <Filter>unit</Filter>
    </ClInclude>
    <ClInclude Include="mem0pool.h">
      <Filter>mem</Filter>
    </ClInclude>
    <ClInclude Include="ut0mem.h">
      <Filter>unit</Filter>
    </ClInclude>
    <ClInclude Include="mem0dbg.h">
      <Filter>mem</Filter>
    </ClInclude>
    <ClInclude Include="mem0mem.h">
      <Filter>mem</Filter>
    </ClInclude>
    <ClInclude Include="os0sync.h">
      <Filter>os</Filter>
    </ClInclude>
    <ClInclude Include="os0thread.h">
      <Filter>os</Filter>
    </ClInclude>
    <ClInclude Include="thr0loc.h">
      <Filter>thr</Filter>
    </ClInclude>
    <ClInclude Include="sync0types.h">
      <Filter>sync</Filter>
    </ClInclude>
    <ClInclude Include="sync0sync.h">
      <Filter>sync</Filter>
    </ClInclude>
    <ClInclude Include="sync0arr.h">
      <Filter>sync</Filter>
    </ClInclude>
    <ClInclude Include="sync0rw.h">
      <Filter>sync</Filter>
    </ClInclude>
    <ClInclude Include="os0file.h">
      <Filter>os</Filter>
    </ClInclude>
    <ClInclude Include="log0log.h">
      <Filter>log</Filter>
    </ClInclude>
    <ClInclude Include="mach0data.h">
      <Filter>mach</Filter>
    </ClInclude>
    <ClInclude Include="log0recv.h">
      <Filter>log</Filter>
    </ClInclude>
    <ClInclude Include="mtr0log.h">
      <Filter>mtr</Filter>
    </ClInclude>
    <ClInclude Include="dyn0dyn.h">
      <Filter>include</Filter>
    </ClInclude>
    <ClInclude Include="mtr0mtr.h">
      <Filter>mtr</Filter>
    </ClInclude>
    <ClInclude Include="fsp0fsp.h">
      <Filter>fsp</Filter>
    </ClInclude>
    <ClInclude Include="fut0fut.h">
      <Filter>fut</Filter>
    </ClInclude>
    <ClInclude Include="fut0lst.h">
      <Filter>fut</Filter>
    </ClInclude>
    <ClInclude Include="fil0fil.h">
      <Filter>fil</Filter>
    </ClInclude>
    <ClInclude Include="page0page.h">
      <Filter>page</Filter>
    </ClInclude>
    <ClInclude Include="page0types.h">
      <Filter>page</Filter>
    </ClInclude>
    <ClInclude Include="page0cur.h">
      <Filter>page</Filter>
    </ClInclude>
    <ClInclude Include="rem0types.h">
      <Filter>rem</Filter>
    </ClInclude>
    <ClInclude Include="data0type.h">
      <Filter>data</Filter>
    </ClInclude>
    <ClInclude Include="data0types.h">
      <Filter>data</Filter>
    </ClInclude>
    <ClInclude Include="data0data.h">
      <Filter>data</Filter>
    </ClInclude>
    <ClInclude Include="rem0rec.h">
      <Filter>rem</Filter>
    </ClInclude>
    <ClInclude Include="rem0cmp.h">
      <Filter>rem</Filter>
    </ClInclude>
    <ClInclude Include="lock0lock.h">
      <Filter>lock</Filter>
    </ClInclude>
    <ClInclude Include="lock0types.h">
      <Filter>lock</Filter>
    </ClInclude>
    <ClInclude Include="dict0types.h">
      <Filter>dict</Filter>
    </ClInclude>
    <ClInclude Include="btr0btr.h">
      <Filter>btree</Filter>
    </ClInclude>
    <ClInclude Include="btr0types.h">
      <Filter>btree</Filter>
    </ClInclude>
    <ClInclude Include="btr0cur.h">
      <Filter>btree</Filter>
    </ClInclude>
    <ClInclude Include="btr0pcur.h">
      <Filter>btree</Filter>
    </ClInclude>
    <ClInclude Include="btr0sea.h">
      <Filter>btree</Filter>
    </ClInclude>
    <ClInclude Include="ibuf0types.h">
      <Filter>ibuf</Filter>
    </ClInclude>
    <ClInclude Include="ibuf0ibuf.h">
      <Filter>ibuf</Filter>
    </ClInclude>
    <ClInclude Include="buf0buf.h">
      <Filter>buf</Filter>
    </ClInclude>
    <ClInclude Include="buf0types.h">
      <Filter>buf</Filter>
    </ClInclude>
    <ClInclude Include="mtr0types.h">
      <Filter>mtr</Filter>
    </ClInclude>
    <ClInclude Include="buf0lru.h">
      <Filter>buf</Filter>
    </ClInclude>
    <ClInclude Include="buf0rea.h">
      <Filter>buf</Filter>
    </ClInclude>
    <ClInclude Include="buf0flu.h">
      <Filter>buf</Filter>
    </ClInclude>
    <ClInclude Include="trx0types.h">
      <Filter>trx</Filter>
    </ClInclude>
    <ClInclude Include="que0que.h">
      <Filter>que</Filter>
    </ClInclude>
    <ClInclude Include="que0types.h">
      <Filter>que</Filter>
    </ClInclude>
    <ClInclude Include="trx0trx.h">
      <Filter>trx</Filter>
    </ClInclude>
    <ClInclude Include="trx0rseg.h">
      <Filter>trx</Filter>
    </ClInclude>
    <ClInclude Include="trx0sys.h">
      <Filter>trx</Filter>
    </ClInclude>
    <ClInclude Include="trx0purge.h">
      <Filter>trx</Filter>
    </ClInclude>
    <ClInclude Include="trx0rec.h">
      <Filter>trx</Filter>
    </ClInclude>
    <ClInclude Include="trx0undo.h">
      <Filter>trx</Filter>
    </ClInclude>
    <ClInclude Include="trx0roll.h">
      <Filter>trx</Filter>
    </ClInclude>
    <ClInclude Include="read0read.h">
      <Filter>read</Filter>
    </ClInclude>
    <ClInclude Include="srv0que.h">
      <Filter>srv</Filter>
    </ClInclude>
  </ItemGroup>
  <ItemGroup>
    <ClCompile Include="ut0byte.cc">
      <Filter>unit</Filter>
    </ClCompile>
    <ClCompile Include="ut0ut.cc">
      <Filter>unit</Filter>
    </ClCompile>
    <ClCompile Include="ut0rnd.cc">
      <Filter>unit</Filter>
    </ClCompile>
    <ClCompile Include="ut0list.cc">
      <Filter>unit</Filter>
    </ClCompile>
    <ClCompile Include="ut0vec.cc">
      <Filter>unit</Filter>
    </ClCompile>
    <ClCompile Include="ul0crc32.cc">
      <Filter>unit</Filter>
    </ClCompile>
    <ClCompile Include="ut0wqueue.cc">
      <Filter>unit</Filter>
    </ClCompile>
    <ClCompile Include="ut0bh.cc">
      <Filter>unit</Filter>
    </ClCompile>
    <ClCompile Include="ut0dbg.cc">
      <Filter>unit</Filter>
    </ClCompile>
    <ClCompile Include="ut0rbt.cc">
      <Filter>unit</Filter>
    </ClCompile>
    <ClCompile Include="hash0hash.cc">
      <Filter>unit</Filter>
    </ClCompile>
    <ClCompile Include="ha0ha.cc">
      <Filter>unit</Filter>
    </ClCompile>
    <ClCompile Include="ha0storage.cc">
      <Filter>unit</Filter>
    </ClCompile>
    <ClCompile Include="mem0pool.cc">
      <Filter>mem</Filter>
    </ClCompile>
    <ClCompile Include="ut0mem.cc">
      <Filter>unit</Filter>
    </ClCompile>
    <ClCompile Include="mem0dbg.cc">
      <Filter>mem</Filter>
    </ClCompile>
    <ClCompile Include="mem0mem.cc">
      <Filter>mem</Filter>
    </ClCompile>
    <ClCompile Include="os0thread.cc">
      <Filter>os</Filter>
    </ClCompile>
    <ClCompile Include="thr0loc.cc">
      <Filter>thr</Filter>
    </ClCompile>
    <ClCompile Include="sync0sync.cc">
      <Filter>sync</Filter>
    </ClCompile>
    <ClCompile Include="os0sync.cc">
      <Filter>os</Filter>
    </ClCompile>
    <ClCompile Include="sync0arr.cc">
      <Filter>sync</Filter>
    </ClCompile>
    <ClCompile Include="sync0rw.cc">
      <Filter>sync</Filter>
    </ClCompile>
    <ClCompile Include="os0file.cc">
      <Filter>os</Filter>
    </ClCompile>
    <ClCompile Include="mach0data.cc">
      <Filter>mach</Filter>
    </ClCompile>
    <ClCompile Include="log0log.cc">
      <Filter>log</Filter>
    </ClCompile>
    <ClCompile Include="fil0fil.cc">
      <Filter>fil</Filter>
    </ClCompile>
    <ClCompile Include="log0recv.cc">
      <Filter>log</Filter>
    </ClCompile>
    <ClCompile Include="mtr0log.cc">
      <Filter>mtr</Filter>
    </ClCompile>
    <ClCompile Include="dyn0dyn.cc">
      <Filter>include</Filter>
    </ClCompile>
    <ClCompile Include="mtr0mtr.cc">
      <Filter>mtr</Filter>
    </ClCompile>
    <ClCompile Include="fsp0fsp.cc">
      <Filter>fsp</Filter>
    </ClCompile>
    <ClCompile Include="fut0lst.cc">
      <Filter>fut</Filter>
    </ClCompile>
    <ClCompile Include="page0page.cc">
      <Filter>page</Filter>
    </ClCompile>
    <ClCompile Include="page0cur.cc">
      <Filter>page</Filter>
    </ClCompile>
    <ClCompile Include="data0type.cc">
      <Filter>data</Filter>
    </ClCompile>
    <ClCompile Include="data0data.cc">
      <Filter>data</Filter>
    </ClCompile>
    <ClCompile Include="rem0rec.cc">
      <Filter>rem</Filter>
    </ClCompile>
    <ClCompile Include="rem0cmp.cc">
      <Filter>rem</Filter>
    </ClCompile>
    <ClCompile Include="lock0lock.cc">
      <Filter>lock</Filter>
    </ClCompile>
    <ClCompile Include="btr0btr.cc">
      <Filter>btree</Filter>
    </ClCompile>
    <ClCompile Include="btr0cur.cc">
      <Filter>btree</Filter>
    </ClCompile>
    <ClCompile Include="btr0pcur.cc">
      <Filter>btree</Filter>
    </ClCompile>
    <ClCompile Include="btr0sea.cc">
      <Filter>btree</Filter>
    </ClCompile>
    <ClCompile Include="ibuf0ibuf.cc">
      <Filter>ibuf</Filter>
    </ClCompile>
    <ClCompile Include="buf0buf.cc">
      <Filter>buf</Filter>
    </ClCompile>
    <ClCompile Include="buf0lru.cc">
      <Filter>buf</Filter>
    </ClCompile>
    <ClCompile Include="buf0rea.cc">
      <Filter>buf</Filter>
    </ClCompile>
    <ClCompile Include="buf0flu.cc">
      <Filter>buf</Filter>
    </ClCompile>
    <ClCompile Include="trx0trx.cc">
      <Filter>trx</Filter>
    </ClCompile>
    <ClCompile Include="trx0rseg.cc">
      <Filter>trx</Filter>
    </ClCompile>
    <ClCompile Include="trx0sys.c">
      <Filter>trx</Filter>
    </ClCompile>
    <ClCompile Include="trx0rec.cc">
      <Filter>trx</Filter>
    </ClCompile>
    <ClCompile Include="trx0undo.cc">
      <Filter>trx</Filter>
    </ClCompile>
    <ClCompile Include="trx0purge.cc">
      <Filter>trx</Filter>
    </ClCompile>
    <ClCompile Include="trx0roll.cc">
      <Filter>trx</Filter>
    </ClCompile>
    <ClCompile Include="read0read.cc">
      <Filter>read</Filter>
    </ClCompile>
    <ClCompile Include="que0que.cc">
      <Filter>que</Filter>
    </ClCompile>
    <ClCompile Include="srv0que.cc">
      <Filter>srv</Filter>
    </ClCompile>
  </ItemGroup>
</Project>